Microsoft Visual Studio Solution File, Format Version 12.00
# Visual Studio 2012
Project("{FAE04EC0-301F-11D3-BF4B-00C04F79EFBC}") = "Heartbroken", "Heartbroken.csproj", "{92E50747-B354-431B-913A-AD84DE430FDA}"
EndProject
Global
	GlobalSection(SolutionConfigurationPlatforms) = preSolution
	Debug|Any CPU = Debug|Any CPU
	ExportDebug|Any CPU = ExportDebug|Any CPU
	ExportRelease|Any CPU = ExportRelease|Any CPU
	EndGlobalSection
	GlobalSection(ProjectConfigurationPlatforms) = postSolution
		{92E50747-B354-431B-913A-AD84DE430FDA}.Debug|Any CPU.ActiveCfg = Debug|Any CPU
		{92E50747-B354-431B-913A-AD84DE430FDA}.Debug|Any CPU.Build.0 = Debug|Any CPU
		{92E50747-B354-431B-913A-AD84DE430FDA}.ExportDebug|Any CPU.ActiveCfg = ExportDebug|Any CPU
		{92E50747-B354-431B-913A-AD84DE430FDA}.ExportDebug|Any CPU.Build.0 = ExportDebug|Any CPU
		{92E50747-B354-431B-913A-AD84DE430FDA}.ExportRelease|Any CPU.ActiveCfg = ExportRelease|Any CPU
		{92E50747-B354-431B-913A-AD84DE430FDA}.ExportRelease|Any CPU.Build.0 = ExportRelease|Any CPU
	EndGlobalSection
EndGlobal
